
Microsoft Visual Studio Solution File, Format Version 12.00
# Visual Studio Version 17
VisualStudioVersion = 17.10.34928.147
MinimumVisualStudioVersion = 10.0.40219.1
Project("{9A19103F-16F7-4668-BE54-9A1E7A4F7556}") = "LinkedLists", "LinkedLists\LinkedLists.csproj", "{659A8DF3-EA68-491F-87EA-2F2BBD36D7B8}"
EndProject
Project("{9A19103F-16F7-4668-BE54-9A1E7A4F7556}") = "AspireApp.AppHost", "AspireApp\AspireApp.AppHost\AspireApp.AppHost.csproj", "{07C5745F-2187-4F2C-B368-60B0754B28DA}"
EndProject
Project("{9A19103F-16F7-4668-BE54-9A1E7A4F7556}") = "AspireApp.ServiceDefaults", "AspireApp\AspireApp.ServiceDefaults\AspireApp.ServiceDefaults.csproj", "{B6CE2AB1-94F3-42C9-8808-A5A990EA912E}"
EndProject
Project("{9A19103F-16F7-4668-BE54-9A1E7A4F7556}") = "AspireApp.ApiService", "AspireApp\AspireApp.ApiService\AspireApp.ApiService.csproj", "{3D15393C-16EA-4CFF-8D3D-D87EFC05755A}"
EndProject
Project("{9A19103F-16F7-4668-BE54-9A1E7A4F7556}") = "AspireApp.Web", "AspireApp\AspireApp.Web\AspireApp.Web.csproj", "{23D308E9-921D-4E05-8699-FFCAA08A921F}"
EndProject
Project("{2150E333-8FDC-42A3-9474-1A3956D46DE8}") = "Aspire", "Aspire", "{D60B1288-9DE8-452E-9F78-4CF58C94BCD0}"
EndProject
Project("{FAE04EC0-301F-11D3-BF4B-00C04F79EFBC}") = "FileDownloader", "FileDownloader\FileDownloader.csproj", "{F42BC69E-8B44-452A-95EE-E6ADF58EF56B}"
EndProject
Global
	GlobalSection(SolutionConfigurationPlatforms) = preSolution
		Debug|Any CPU = Debug|Any CPU
		Release|Any CPU = Release|Any CPU
	EndGlobalSection
	GlobalSection(ProjectConfigurationPlatforms) = postSolution
		{659A8DF3-EA68-491F-87EA-2F2BBD36D7B8}.Debug|Any CPU.ActiveCfg = Debug|Any CPU
		{659A8DF3-EA68-491F-87EA-2F2BBD36D7B8}.Debug|Any CPU.Build.0 = Debug|Any CPU
		{659A8DF3-EA68-491F-87EA-2F2BBD36D7B8}.Release|Any CPU.ActiveCfg = Release|Any CPU
		{659A8DF3-EA68-491F-87EA-2F2BBD36D7B8}.Release|Any CPU.Build.0 = Release|Any CPU
		{07C5745F-2187-4F2C-B368-60B0754B28DA}.Debug|Any CPU.ActiveCfg = Debug|Any CPU
		{07C5745F-2187-4F2C-B368-60B0754B28DA}.Debug|Any CPU.Build.0 = Debug|Any CPU
		{07C5745F-2187-4F2C-B368-60B0754B28DA}.Release|Any CPU.ActiveCfg = Release|Any CPU
		{07C5745F-2187-4F2C-B368-60B0754B28DA}.Release|Any CPU.Build.0 = Release|Any CPU
		{B6CE2AB1-94F3-42C9-8808-A5A990EA912E}.Debug|Any CPU.ActiveCfg = Debug|Any CPU
		{B6CE2AB1-94F3-42C9-8808-A5A990EA912E}.Debug|Any CPU.Build.0 = Debug|Any CPU
		{B6CE2AB1-94F3-42C9-8808-A5A990EA912E}.Release|Any CPU.ActiveCfg = Release|Any CPU
		{B6CE2AB1-94F3-42C9-8808-A5A990EA912E}.Release|Any CPU.Build.0 = Release|Any CPU
		{3D15393C-16EA-4CFF-8D3D-D87EFC05755A}.Debug|Any CPU.ActiveCfg = Debug|Any CPU
		{3D15393C-16EA-4CFF-8D3D-D87EFC05755A}.Debug|Any CPU.Build.0 = Debug|Any CPU
		{3D15393C-16EA-4CFF-8D3D-D87EFC05755A}.Release|Any CPU.ActiveCfg = Release|Any CPU
		{3D15393C-16EA-4CFF-8D3D-D87EFC05755A}.Release|Any CPU.Build.0 = Release|Any CPU
		{23D308E9-921D-4E05-8699-FFCAA08A921F}.Debug|Any CPU.ActiveCfg = Debug|Any CPU
		{23D308E9-921D-4E05-8699-FFCAA08A921F}.Debug|Any CPU.Build.0 = Debug|Any CPU
		{23D308E9-921D-4E05-8699-FFCAA08A921F}.Release|Any CPU.ActiveCfg = Release|Any CPU
		{23D308E9-921D-4E05-8699-FFCAA08A921F}.Release|Any CPU.Build.0 = Release|Any CPU
		{F42BC69E-8B44-452A-95EE-E6ADF58EF56B}.Debug|Any CPU.ActiveCfg = Debug|Any CPU
		{F42BC69E-8B44-452A-95EE-E6ADF58EF56B}.Debug|Any CPU.Build.0 = Debug|Any CPU
		{F42BC69E-8B44-452A-95EE-E6ADF58EF56B}.Release|Any CPU.ActiveCfg = Release|Any CPU
		{F42BC69E-8B44-452A-95EE-E6ADF58EF56B}.Release|Any CPU.Build.0 = Release|Any CPU
	EndGlobalSection
	GlobalSection(SolutionProperties) = preSolution
		HideSolutionNode = FALSE
	EndGlobalSection
	GlobalSection(NestedProjects) = preSolution
		{07C5745F-2187-4F2C-B368-60B0754B28DA} = {D60B1288-9DE8-452E-9F78-4CF58C94BCD0}
		{B6CE2AB1-94F3-42C9-8808-A5A990EA912E} = {D60B1288-9DE8-452E-9F78-4CF58C94BCD0}
		{3D15393C-16EA-4CFF-8D3D-D87EFC05755A} = {D60B1288-9DE8-452E-9F78-4CF58C94BCD0}
		{23D308E9-921D-4E05-8699-FFCAA08A921F} = {D60B1288-9DE8-452E-9F78-4CF58C94BCD0}
	EndGlobalSection
	GlobalSection(ExtensibilityGlobals) = postSolution
		SolutionGuid = {4B27DE5F-E6FD-470C-905C-869E509F8582}
	EndGlobalSection
EndGlobal
